
Microsoft Visual Studio Solution File, Format Version 12.00
# Visual Studio Version 17
VisualStudioVersion = 17.7.34221.43
MinimumVisualStudioVersion = 10.0.40219.1
Project("{9A19103F-16F7-4668-BE54-9A1E7A4F7556}") = "Hotplay.Common", "Hotplay.Common\Hotplay.Common.csproj", "{D6FC681B-964F-4315-BC70-56992C56CB8D}"
EndProject
Project("{9A19103F-16F7-4668-BE54-9A1E7A4F7556}") = "Hotplay.Middleware", "Hotplay.Middleware\Hotplay.Middleware.csproj", "{4E4BEBDA-3FEB-4735-BB0E-D7552D622ABD}"
EndProject
Project("{9A19103F-16F7-4668-BE54-9A1E7A4F7556}") = "Hotplay.Remote", "Hotplay.Remote\Hotplay.Remote.csproj", "{D42CEC4D-26FE-44DE-9952-F655F87D1129}"
	ProjectSection(ProjectDependencies) = postProject
		{D6FC681B-964F-4315-BC70-56992C56CB8D} = {D6FC681B-964F-4315-BC70-56992C56CB8D}
	EndProjectSection
EndProject
Global
	GlobalSection(SolutionConfigurationPlatforms) = preSolution
		Debug|Any CPU = Debug|Any CPU
		Release|Any CPU = Release|Any CPU
	EndGlobalSection
	GlobalSection(ProjectConfigurationPlatforms) = postSolution
		{D6FC681B-964F-4315-BC70-56992C56CB8D}.Debug|Any CPU.ActiveCfg = Debug|Any CPU
		{D6FC681B-964F-4315-BC70-56992C56CB8D}.Debug|Any CPU.Build.0 = Debug|Any CPU
		{D6FC681B-964F-4315-BC70-56992C56CB8D}.Release|Any CPU.ActiveCfg = Release|Any CPU
		{D6FC681B-964F-4315-BC70-56992C56CB8D}.Release|Any CPU.Build.0 = Release|Any CPU
		{4E4BEBDA-3FEB-4735-BB0E-D7552D622ABD}.Debug|Any CPU.ActiveCfg = Debug|Any CPU
		{4E4BEBDA-3FEB-4735-BB0E-D7552D622ABD}.Debug|Any CPU.Build.0 = Debug|Any CPU
		{4E4BEBDA-3FEB-4735-BB0E-D7552D622ABD}.Release|Any CPU.ActiveCfg = Release|Any CPU
		{4E4BEBDA-3FEB-4735-BB0E-D7552D622ABD}.Release|Any CPU.Build.0 = Release|Any CPU
		{D42CEC4D-26FE-44DE-9952-F655F87D1129}.Debug|Any CPU.ActiveCfg = Debug|Any CPU
		{D42CEC4D-26FE-44DE-9952-F655F87D1129}.Debug|Any CPU.Build.0 = Debug|Any CPU
		{D42CEC4D-26FE-44DE-9952-F655F87D1129}.Release|Any CPU.ActiveCfg = Release|Any CPU
		{D42CEC4D-26FE-44DE-9952-F655F87D1129}.Release|Any CPU.Build.0 = Release|Any CPU
	EndGlobalSection
	GlobalSection(SolutionProperties) = preSolution
		HideSolutionNode = FALSE
	EndGlobalSection
	GlobalSection(ExtensibilityGlobals) = postSolution
		SolutionGuid = {012B3685-A1A1-44CA-AF14-02586B873B95}
	EndGlobalSection
EndGlobal
